
Microsoft Visual Studio Solution File, Format Version 12.00
# Visual Studio 15
VisualStudioVersion = 15.0.28307.645
MinimumVisualStudioVersion = 10.0.40219.1
Project("{FAE04EC0-301F-11D3-BF4B-00C04F79EFBC}") = "ProductsEntityModel", "ProductsEntityModel\ProductsEntityModel.csproj", "{5B786A3B-E8D0-4F5A-8B68-622BAAC0F63D}"
EndProject
Project("{FAE04EC0-301F-11D3-BF4B-00C04F79EFBC}") = "ProductsService", "ProductsService\ProductsService.csproj", "{0B511074-CA27-4112-9068-C98222ED561C}"
EndProject
Global
	GlobalSection(SolutionConfigurationPlatforms) = preSolution
		Debug|Any CPU = Debug|Any CPU
		Release|Any CPU = Release|Any CPU
	EndGlobalSection
	GlobalSection(ProjectConfigurationPlatforms) = postSolution
		{5B786A3B-E8D0-4F5A-8B68-622BAAC0F63D}.Debug|Any CPU.ActiveCfg = Debug|Any CPU
		{5B786A3B-E8D0-4F5A-8B68-622BAAC0F63D}.Debug|Any CPU.Build.0 = Debug|Any CPU
		{5B786A3B-E8D0-4F5A-8B68-622BAAC0F63D}.Release|Any CPU.ActiveCfg = Release|Any CPU
		{5B786A3B-E8D0-4F5A-8B68-622BAAC0F63D}.Release|Any CPU.Build.0 = Release|Any CPU
		{0B511074-CA27-4112-9068-C98222ED561C}.Debug|Any CPU.ActiveCfg = Debug|Any CPU
		{0B511074-CA27-4112-9068-C98222ED561C}.Debug|Any CPU.Build.0 = Debug|Any CPU
		{0B511074-CA27-4112-9068-C98222ED561C}.Release|Any CPU.ActiveCfg = Release|Any CPU
		{0B511074-CA27-4112-9068-C98222ED561C}.Release|Any CPU.Build.0 = Release|Any CPU
	EndGlobalSection
	GlobalSection(SolutionProperties) = preSolution
		HideSolutionNode = FALSE
	EndGlobalSection
	GlobalSection(ExtensibilityGlobals) = postSolution
		SolutionGuid = {32CB8EA0-31A5-4CD9-9B53-CF17307F03F9}
	EndGlobalSection
EndGlobal
